<Solution>
  <Folder Name="/src/" />
  <Folder Name="/src/Application/">
    <Project Path="src/Application/IISDeploy.Application.csproj" />
  </Folder>
  <Folder Name="/src/Core/">
    <Project Path="src/Core/IISDeploy.Core.csproj" />
  </Folder>
  <Folder Name="/src/Infrastructure/">
    <Project Path="src/Infrastructure/IISDeploy.Infrastructure.csproj" />
  </Folder>
  <Folder Name="/src/UI/">
    <Project Path="src/UI/IISDeploy.UI.csproj" />
  </Folder>
  <Folder Name="/tests/">
    <Project Path="tests/IISDeploy.Tests/IISDeploy.Tests.csproj" />
  </Folder>
</Solution>
